
Microsoft Visual Studio Solution File, Format Version 12.00
# Visual Studio Version 16
VisualStudioVersion = 16.0.29920.165
MinimumVisualStudioVersion = 10.0.40219.1
Project("{8BC9CEB8-8B4A-11D0-8D11-00A0C91BC942}") = "img_ex_3", "img_ex_3\img_ex_3.vcxproj", "{D7167495-1FF7-40C4-8A35-15AB79321924}"
EndProject
Global
	GlobalSection(SolutionConfigurationPlatforms) = preSolution
		Debug|x64 = Debug|x64
		Debug|x86 = Debug|x86
		Release|x64 = Release|x64
		Release|x86 = Release|x86
	EndGlobalSection
	GlobalSection(ProjectConfigurationPlatforms) = postSolution
		{D7167495-1FF7-40C4-8A35-15AB79321924}.Debug|x64.ActiveCfg = Debug|x64
		{D7167495-1FF7-40C4-8A35-15AB79321924}.Debug|x64.Build.0 = Debug|x64
		{D7167495-1FF7-40C4-8A35-15AB79321924}.Debug|x86.ActiveCfg = Debug|Win32
		{D7167495-1FF7-40C4-8A35-15AB79321924}.Debug|x86.Build.0 = Debug|Win32
		{D7167495-1FF7-40C4-8A35-15AB79321924}.Release|x64.ActiveCfg = Release|x64
		{D7167495-1FF7-40C4-8A35-15AB79321924}.Release|x64.Build.0 = Release|x64
		{D7167495-1FF7-40C4-8A35-15AB79321924}.Release|x86.ActiveCfg = Release|Win32
		{D7167495-1FF7-40C4-8A35-15AB79321924}.Release|x86.Build.0 = Release|Win32
	EndGlobalSection
	GlobalSection(SolutionProperties) = preSolution
		HideSolutionNode = FALSE
	EndGlobalSection
	GlobalSection(ExtensibilityGlobals) = postSolution
		SolutionGuid = {1DC55702-A79D-4DDA-8EA5-DA83FDC7E3C4}
	EndGlobalSection
EndGlobal
